
Microsoft Visual Studio Solution File, Format Version 12.00
# Visual Studio Version 16
VisualStudioVersion = 16.0.29209.62
MinimumVisualStudioVersion = 10.0.40219.1
Project("{2150E333-8FDC-42A3-9474-1A3956D46DE8}") = "src", "src", "{94477350-F591-4F2E-96BF-EBF4BD31671F}"
EndProject
Project("{2150E333-8FDC-42A3-9474-1A3956D46DE8}") = "test", "test", "{B00F22D4-40F5-4A4E-BEEE-5786CB6784CB}"
EndProject
Project("{2150E333-8FDC-42A3-9474-1A3956D46DE8}") = "doc", "doc", "{14F228A6-2C48-4DEE-ADAC-7D1CC4C19DFB}"
EndProject
Project("{9A19103F-16F7-4668-BE54-9A1E7A4F7556}") = "ForMemory.Server", "ForMemory.Server\ForMemory.Server.csproj", "{4756D24F-957B-4AF9-B8E5-680B2218CDD7}"
EndProject
Project("{9A19103F-16F7-4668-BE54-9A1E7A4F7556}") = "Formemory.Repository", "Formemory.Repository\Formemory.Repository.csproj", "{673CB423-9885-45C0-AA3B-491FB20261EE}"
EndProject
Project("{9A19103F-16F7-4668-BE54-9A1E7A4F7556}") = "ForMemory.Service", "ForMemory.Service\ForMemory.Service.csproj", "{A1CB9E89-C53F-4568-84B0-59280C36D42E}"
EndProject
Project("{9A19103F-16F7-4668-BE54-9A1E7A4F7556}") = "ForMemory.Aggregate", "ForMemory.Aggregate\ForMemory.Aggregate.csproj", "{0F794AB9-2583-486D-9BC8-0560EE90A2A4}"
EndProject
Project("{9A19103F-16F7-4668-BE54-9A1E7A4F7556}") = "ForMemory.Entities", "ForMemory.Entities\ForMemory.Entities.csproj", "{E74AFBA5-C367-4627-ADD8-107FA18C2327}"
EndProject
Project("{9A19103F-16F7-4668-BE54-9A1E7A4F7556}") = "ForMemory.Domain", "ForMemory.Domain\ForMemory.Domain.csproj", "{1E8507F9-9518-4A50-8A66-6712DB1C0A9F}"
EndProject
Project("{9A19103F-16F7-4668-BE54-9A1E7A4F7556}") = "ForMemory.Dto", "ForMemory.Dto\ForMemory.Dto.csproj", "{9C79258F-75BB-47E6-8B7D-5AADE5C7100F}"
EndProject
Project("{2150E333-8FDC-42A3-9474-1A3956D46DE8}") = "Cache", "Cache", "{6EC24B6F-FECF-477D-95DF-1A0E4B644A52}"
EndProject
Project("{2150E333-8FDC-42A3-9474-1A3956D46DE8}") = "Queue", "Queue", "{58ECACF4-1673-4F36-9A64-CD04F28AA0B4}"
EndProject
Project("{2150E333-8FDC-42A3-9474-1A3956D46DE8}") = "K8S", "K8S", "{F9689906-D998-4F6C-BBCA-6D437C32B0C7}"
EndProject
Global
	GlobalSection(SolutionConfigurationPlatforms) = preSolution
		Debug|Any CPU = Debug|Any CPU
		Release|Any CPU = Release|Any CPU
	EndGlobalSection
	GlobalSection(ProjectConfigurationPlatforms) = postSolution
		{4756D24F-957B-4AF9-B8E5-680B2218CDD7}.Debug|Any CPU.ActiveCfg = Debug|Any CPU
		{4756D24F-957B-4AF9-B8E5-680B2218CDD7}.Debug|Any CPU.Build.0 = Debug|Any CPU
		{4756D24F-957B-4AF9-B8E5-680B2218CDD7}.Release|Any CPU.ActiveCfg = Release|Any CPU
		{4756D24F-957B-4AF9-B8E5-680B2218CDD7}.Release|Any CPU.Build.0 = Release|Any CPU
		{673CB423-9885-45C0-AA3B-491FB20261EE}.Debug|Any CPU.ActiveCfg = Debug|Any CPU
		{673CB423-9885-45C0-AA3B-491FB20261EE}.Debug|Any CPU.Build.0 = Debug|Any CPU
		{673CB423-9885-45C0-AA3B-491FB20261EE}.Release|Any CPU.ActiveCfg = Release|Any CPU
		{673CB423-9885-45C0-AA3B-491FB20261EE}.Release|Any CPU.Build.0 = Release|Any CPU
		{A1CB9E89-C53F-4568-84B0-59280C36D42E}.Debug|Any CPU.ActiveCfg = Debug|Any CPU
		{A1CB9E89-C53F-4568-84B0-59280C36D42E}.Debug|Any CPU.Build.0 = Debug|Any CPU
		{A1CB9E89-C53F-4568-84B0-59280C36D42E}.Release|Any CPU.ActiveCfg = Release|Any CPU
		{A1CB9E89-C53F-4568-84B0-59280C36D42E}.Release|Any CPU.Build.0 = Release|Any CPU
		{0F794AB9-2583-486D-9BC8-0560EE90A2A4}.Debug|Any CPU.ActiveCfg = Debug|Any CPU
		{0F794AB9-2583-486D-9BC8-0560EE90A2A4}.Debug|Any CPU.Build.0 = Debug|Any CPU
		{0F794AB9-2583-486D-9BC8-0560EE90A2A4}.Release|Any CPU.ActiveCfg = Release|Any CPU
		{0F794AB9-2583-486D-9BC8-0560EE90A2A4}.Release|Any CPU.Build.0 = Release|Any CPU
		{E74AFBA5-C367-4627-ADD8-107FA18C2327}.Debug|Any CPU.ActiveCfg = Debug|Any CPU
		{E74AFBA5-C367-4627-ADD8-107FA18C2327}.Debug|Any CPU.Build.0 = Debug|Any CPU
		{E74AFBA5-C367-4627-ADD8-107FA18C2327}.Release|Any CPU.ActiveCfg = Release|Any CPU
		{E74AFBA5-C367-4627-ADD8-107FA18C2327}.Release|Any CPU.Build.0 = Release|Any CPU
		{1E8507F9-9518-4A50-8A66-6712DB1C0A9F}.Debug|Any CPU.ActiveCfg = Debug|Any CPU
		{1E8507F9-9518-4A50-8A66-6712DB1C0A9F}.Debug|Any CPU.Build.0 = Debug|Any CPU
		{1E8507F9-9518-4A50-8A66-6712DB1C0A9F}.Release|Any CPU.ActiveCfg = Release|Any CPU
		{1E8507F9-9518-4A50-8A66-6712DB1C0A9F}.Release|Any CPU.Build.0 = Release|Any CPU
		{9C79258F-75BB-47E6-8B7D-5AADE5C7100F}.Debug|Any CPU.ActiveCfg = Debug|Any CPU
		{9C79258F-75BB-47E6-8B7D-5AADE5C7100F}.Debug|Any CPU.Build.0 = Debug|Any CPU
		{9C79258F-75BB-47E6-8B7D-5AADE5C7100F}.Release|Any CPU.ActiveCfg = Release|Any CPU
		{9C79258F-75BB-47E6-8B7D-5AADE5C7100F}.Release|Any CPU.Build.0 = Release|Any CPU
	EndGlobalSection
	GlobalSection(SolutionProperties) = preSolution
		HideSolutionNode = FALSE
	EndGlobalSection
	GlobalSection(NestedProjects) = preSolution
		{4756D24F-957B-4AF9-B8E5-680B2218CDD7} = {94477350-F591-4F2E-96BF-EBF4BD31671F}
		{673CB423-9885-45C0-AA3B-491FB20261EE} = {94477350-F591-4F2E-96BF-EBF4BD31671F}
		{A1CB9E89-C53F-4568-84B0-59280C36D42E} = {94477350-F591-4F2E-96BF-EBF4BD31671F}
		{0F794AB9-2583-486D-9BC8-0560EE90A2A4} = {94477350-F591-4F2E-96BF-EBF4BD31671F}
		{E74AFBA5-C367-4627-ADD8-107FA18C2327} = {94477350-F591-4F2E-96BF-EBF4BD31671F}
		{1E8507F9-9518-4A50-8A66-6712DB1C0A9F} = {94477350-F591-4F2E-96BF-EBF4BD31671F}
		{9C79258F-75BB-47E6-8B7D-5AADE5C7100F} = {94477350-F591-4F2E-96BF-EBF4BD31671F}
		{6EC24B6F-FECF-477D-95DF-1A0E4B644A52} = {94477350-F591-4F2E-96BF-EBF4BD31671F}
		{58ECACF4-1673-4F36-9A64-CD04F28AA0B4} = {94477350-F591-4F2E-96BF-EBF4BD31671F}
		{F9689906-D998-4F6C-BBCA-6D437C32B0C7} = {94477350-F591-4F2E-96BF-EBF4BD31671F}
	EndGlobalSection
	GlobalSection(ExtensibilityGlobals) = postSolution
		SolutionGuid = {9832A670-48C1-47EC-9CD2-E620E7C05D32}
	EndGlobalSection
EndGlobal
